
Microsoft Visual Studio Solution File, Format Version 12.00
# Visual Studio Version 16
VisualStudioVersion = 16.0.30517.126
MinimumVisualStudioVersion = 10.0.40219.1
Project("{FAE04EC0-301F-11D3-BF4B-00C04F79EFBC}") = "Interview.Entities", "Interview.Entities\Interview.Entities.csproj", "{27E1EB8E-94A1-4EC5-A1CD-5D695A0CA1DB}"
EndProject
Project("{FAE04EC0-301F-11D3-BF4B-00C04F79EFBC}") = "Interview.WebApi", "Interview.WebApi\Interview.WebApi.csproj", "{DA185D7F-3645-43C6-B06A-F25E622DC6B5}"
EndProject
Project("{FAE04EC0-301F-11D3-BF4B-00C04F79EFBC}") = "Interview.Service", "Interview.Service\Interview.Service.csproj", "{65D34B34-93F7-4B75-A701-C7E5ECBEBE46}"
EndProject
Global
	GlobalSection(SolutionConfigurationPlatforms) = preSolution
		Debug|Any CPU = Debug|Any CPU
		Release|Any CPU = Release|Any CPU
	EndGlobalSection
	GlobalSection(ProjectConfigurationPlatforms) = postSolution
		{27E1EB8E-94A1-4EC5-A1CD-5D695A0CA1DB}.Debug|Any CPU.ActiveCfg = Debug|Any CPU
		{27E1EB8E-94A1-4EC5-A1CD-5D695A0CA1DB}.Debug|Any CPU.Build.0 = Debug|Any CPU
		{27E1EB8E-94A1-4EC5-A1CD-5D695A0CA1DB}.Release|Any CPU.ActiveCfg = Release|Any CPU
		{27E1EB8E-94A1-4EC5-A1CD-5D695A0CA1DB}.Release|Any CPU.Build.0 = Release|Any CPU
		{DA185D7F-3645-43C6-B06A-F25E622DC6B5}.Debug|Any CPU.ActiveCfg = Debug|Any CPU
		{DA185D7F-3645-43C6-B06A-F25E622DC6B5}.Debug|Any CPU.Build.0 = Debug|Any CPU
		{DA185D7F-3645-43C6-B06A-F25E622DC6B5}.Release|Any CPU.ActiveCfg = Release|Any CPU
		{DA185D7F-3645-43C6-B06A-F25E622DC6B5}.Release|Any CPU.Build.0 = Release|Any CPU
		{65D34B34-93F7-4B75-A701-C7E5ECBEBE46}.Debug|Any CPU.ActiveCfg = Debug|Any CPU
		{65D34B34-93F7-4B75-A701-C7E5ECBEBE46}.Debug|Any CPU.Build.0 = Debug|Any CPU
		{65D34B34-93F7-4B75-A701-C7E5ECBEBE46}.Release|Any CPU.ActiveCfg = Release|Any CPU
		{65D34B34-93F7-4B75-A701-C7E5ECBEBE46}.Release|Any CPU.Build.0 = Release|Any CPU
	EndGlobalSection
	GlobalSection(SolutionProperties) = preSolution
		HideSolutionNode = FALSE
	EndGlobalSection
	GlobalSection(ExtensibilityGlobals) = postSolution
		SolutionGuid = {E464F1A6-E3A8-4C91-BE48-A86533CBA0DA}
	EndGlobalSection
EndGlobal
